{
  "nodes": {
    "ADPfusion-src": {
      "flake": false,
      "locked": {
        "lastModified": 1622724545,
        "narHash": "sha256-CUC+HP2FKkv84mbLdxRYimuTf/HszPQI5k+S9JuZFYU=",
        "owner": "choener",
        "repo": "ADPfusion",
        "rev": "a6cf1bfd9a3e5f071a9c9900974abaef876b242f",
        "type": "github"
      },
      "original": {
        "owner": "choener",
        "repo": "ADPfusion",
        "type": "github"
      }
    },
    "ADPfusionSubword-src": {
      "flake": false,
      "locked": {
        "lastModified": 1622557328,
        "narHash": "sha256-mUtDXZ5+iZDgiuJm420ml7HkYkO6/n4IzK8WQMU2H+I=",
        "owner": "choener",
        "repo": "ADPfusionSubword",
        "rev": "28a93627aa9c666a05ba493b4d9aff18d3317897",
        "type": "github"
      },
      "original": {
        "owner": "choener",
        "repo": "ADPfusionSubword",
        "type": "github"
      }
    },
    "DPutils-src": {
      "flake": false,
      "locked": {
        "lastModified": 1622796266,
        "narHash": "sha256-zpMxzZzv8D3gKdbphEzU111kmKudqQKrZ1XABPwRzms=",
        "owner": "choener",
        "repo": "DPutils",
        "rev": "f3b38cc133396cef54a05fe24f160e8a74353a61",
        "type": "github"
      },
      "original": {
        "owner": "choener",
        "repo": "DPutils",
        "type": "github"
      }
    },
    "ForestStructures-src": {
      "flake": false,
      "locked": {
        "lastModified": 1622557303,
        "narHash": "sha256-gPeEx0T4XSrAAqAVGUITJzIkx39nCGv7iYFHbdCvaLI=",
        "owner": "choener",
        "repo": "ForestStructures",
        "rev": "6fc33384c1b81aad46ce1c07a7e660ba986298f7",
        "type": "github"
      },
      "original": {
        "owner": "choener",
        "repo": "ForestStructures",
        "type": "github"
      }
    },
    "FormalGrammars-src": {
      "flake": false,
      "locked": {
        "lastModified": 1614856946,
        "narHash": "sha256-wvlG0U/RRxUiKmDOK7QT4Biq0wpupa8Z0/Ebic29Zng=",
        "owner": "choener",
        "repo": "FormalGrammars",
        "rev": "e5cd99fed38fbc9f972ebba98d7c6554dbc0a3c0",
        "type": "github"
      },
      "original": {
        "owner": "choener",
        "repo": "FormalGrammars",
        "type": "github"
      }
    },
    "GrammarProducts-src": {
      "flake": false,
      "locked": {
        "lastModified": 1614856951,
        "narHash": "sha256-11iUQg062x3FoWowkkRlEp+AsO1jcM2/3+34BthR+Hs=",
        "owner": "choener",
        "repo": "GrammarProducts",
        "rev": "d377ae110dd7895767fca4dd6a7ed201d499bb6c",
        "type": "github"
      },
      "original": {
        "owner": "choener",
        "repo": "GrammarProducts",
        "type": "github"
      }
    },
    "OrderedBits-src": {
      "flake": false,
      "locked": {
        "lastModified": 1622555736,
        "narHash": "sha256-1CSEoGydyFSYVqqqKIJbhcB71O3gT2oGss+GPzPTSgM=",
        "owner": "choener",
        "repo": "OrderedBits",
        "rev": "aac265bc3d619f7e35a8ead23a54b4a77be2e10c",
        "type": "github"
      },
      "original": {
        "owner": "choener",
        "repo": "OrderedBits",
        "type": "github"
      }
    },
    "PrimitiveArray-src": {
      "flake": false,
      "locked": {
        "lastModified": 1622806577,
        "narHash": "sha256-BbOk36pZ18mU/HY6Wk5dYwcpI0Bm+YR0ZbHYTh4831A=",
        "owner": "choener",
        "repo": "PrimitiveArray",
        "rev": "49b3ffb97caa2118eb3dc4e5221924ebecf65184",
        "type": "github"
      },
      "original": {
        "owner": "choener",
        "repo": "PrimitiveArray",
        "type": "github"
      }
    },
    "bimaps-src": {
      "flake": false,
      "locked": {
        "lastModified": 1622556239,
        "narHash": "sha256-HBegZCPVr/tUMhzFCEkySIqVvjGym10rVlVdrMtqo4o=",
        "owner": "choener",
        "repo": "bimaps",
        "rev": "aca8becf17581e20a75e98552c994bd8d785879f",
        "type": "github"
      },
      "original": {
        "owner": "choener",
        "repo": "bimaps",
        "type": "github"
      }
    },
    "flake-utils": {
      "locked": {
        "lastModified": 1623875721,
        "narHash": "sha256-A8BU7bjS5GirpAUv4QA+QnJ4CceLHkcXdRp4xITDB0s=",
        "owner": "numtide",
        "repo": "flake-utils",
        "rev": "f7e004a55b120c02ecb6219596820fcd32ca8772",
        "type": "github"
      },
      "original": {
        "owner": "numtide",
        "repo": "flake-utils",
        "type": "github"
      }
    },
    "flake-utils_2": {
      "locked": {
        "lastModified": 1610051610,
        "narHash": "sha256-U9rPz/usA1/Aohhk7Cmc2gBrEEKRzcW4nwPWMPwja4Y=",
        "owner": "numtide",
        "repo": "flake-utils",
        "rev": "3982c9903e93927c2164caa727cd3f6a0e6d14cc",
        "type": "github"
      },
      "original": {
        "owner": "numtide",
        "repo": "flake-utils",
        "type": "github"
      }
    },
    "ghcicabal": {
      "inputs": {
        "flake-utils": "flake-utils_2",
        "nixpkgs": [
          "nixpkgs"
        ]
      },
      "locked": {
        "lastModified": 1615543762,
        "narHash": "sha256-ehAXNtCPKmSuJSCtbCBCwz1KuGmMquFcUWvzZUxp8e0=",
        "owner": "choener",
        "repo": "ghcicabal",
        "rev": "531bc2b28b7e20b7e6f239c45d6e273a5f2e2c08",
        "type": "github"
      },
      "original": {
        "owner": "choener",
        "repo": "ghcicabal",
        "type": "github"
      }
    },
    "nixpkgs": {
      "locked": {
        "lastModified": 1624172050,
        "narHash": "sha256-sLQEhZ6Ffjx0J1AJxHQDY4y7XWKxI/Zgm/hQJjkjZ6M=",
        "owner": "NixOS",
        "repo": "nixpkgs",
        "rev": "6613a30c5e3ee59753181512b4bedd4121569925",
        "type": "github"
      },
      "original": {
        "owner": "NixOS",
        "ref": "nixos-21.05",
        "repo": "nixpkgs",
        "type": "github"
      }
    },
    "root": {
      "inputs": {
        "ADPfusion-src": "ADPfusion-src",
        "ADPfusionSubword-src": "ADPfusionSubword-src",
        "DPutils-src": "DPutils-src",
        "ForestStructures-src": "ForestStructures-src",
        "FormalGrammars-src": "FormalGrammars-src",
        "GrammarProducts-src": "GrammarProducts-src",
        "OrderedBits-src": "OrderedBits-src",
        "PrimitiveArray-src": "PrimitiveArray-src",
        "bimaps-src": "bimaps-src",
        "flake-utils": "flake-utils",
        "ghcicabal": "ghcicabal",
        "nixpkgs": "nixpkgs"
      }
    }
  },
  "root": "root",
  "version": 7
}
